
Microsoft Visual Studio Solution File, Format Version 12.00
# Visual Studio 15
VisualStudioVersion = 15.0.28010.2026
MinimumVisualStudioVersion = 10.0.40219.1
Project("{9A19103F-16F7-4668-BE54-9A1E7A4F7556}") = "Problem 1 – Crossroads", "Problem 1 – Crossroads\Problem 1 – Crossroads.csproj", "{877C4652-3766-43CB-860C-EF0E63798FC6}"
EndProject
Project("{FAE04EC0-301F-11D3-BF4B-00C04F79EFBC}") = "Problem 4 – Movie Time", "Problem 4 – Movie Time\Problem 4 – Movie Time.csproj", "{A62D5404-80D4-404A-B880-38FFA356E2F3}"
EndProject
Project("{FAE04EC0-301F-11D3-BF4B-00C04F79EFBC}") = "Problem 2 – Knight Game", "Problem 2 – Knight Game\Problem 2 – Knight Game.csproj", "{F61C1EBC-3BD5-4A61-8A19-C5902AA1EA0D}"
EndProject
Global
	GlobalSection(SolutionConfigurationPlatforms) = preSolution
		Debug|Any CPU = Debug|Any CPU
		Release|Any CPU = Release|Any CPU
	EndGlobalSection
	GlobalSection(ProjectConfigurationPlatforms) = postSolution
		{877C4652-3766-43CB-860C-EF0E63798FC6}.Debug|Any CPU.ActiveCfg = Debug|Any CPU
		{877C4652-3766-43CB-860C-EF0E63798FC6}.Debug|Any CPU.Build.0 = Debug|Any CPU
		{877C4652-3766-43CB-860C-EF0E63798FC6}.Release|Any CPU.ActiveCfg = Release|Any CPU
		{877C4652-3766-43CB-860C-EF0E63798FC6}.Release|Any CPU.Build.0 = Release|Any CPU
		{A62D5404-80D4-404A-B880-38FFA356E2F3}.Debug|Any CPU.ActiveCfg = Debug|Any CPU
		{A62D5404-80D4-404A-B880-38FFA356E2F3}.Debug|Any CPU.Build.0 = Debug|Any CPU
		{A62D5404-80D4-404A-B880-38FFA356E2F3}.Release|Any CPU.ActiveCfg = Release|Any CPU
		{A62D5404-80D4-404A-B880-38FFA356E2F3}.Release|Any CPU.Build.0 = Release|Any CPU
		{F61C1EBC-3BD5-4A61-8A19-C5902AA1EA0D}.Debug|Any CPU.ActiveCfg = Debug|Any CPU
		{F61C1EBC-3BD5-4A61-8A19-C5902AA1EA0D}.Debug|Any CPU.Build.0 = Debug|Any CPU
		{F61C1EBC-3BD5-4A61-8A19-C5902AA1EA0D}.Release|Any CPU.ActiveCfg = Release|Any CPU
		{F61C1EBC-3BD5-4A61-8A19-C5902AA1EA0D}.Release|Any CPU.Build.0 = Release|Any CPU
	EndGlobalSection
	GlobalSection(SolutionProperties) = preSolution
		HideSolutionNode = FALSE
	EndGlobalSection
	GlobalSection(ExtensibilityGlobals) = postSolution
		SolutionGuid = {5C64E9E7-9D79-43B3-AB3D-7C81EE938831}
	EndGlobalSection
EndGlobal
