
Microsoft Visual Studio Solution File, Format Version 12.00
# Visual Studio 15
VisualStudioVersion = 15.0.28010.2026
MinimumVisualStudioVersion = 10.0.40219.1
Project("{FAE04EC0-301F-11D3-BF4B-00C04F79EFBC}") = "01.ProblemOne", "01.ProblemOne\01.ProblemOne.csproj", "{AB36456D-481C-4A82-853D-10D393E82421}"
EndProject
Project("{FAE04EC0-301F-11D3-BF4B-00C04F79EFBC}") = "02.ProblemTwo", "02.ProblemTwo\02.ProblemTwo.csproj", "{A9AF9856-5B6D-42C0-86C1-CEB3197F01D2}"
EndProject
Project("{FAE04EC0-301F-11D3-BF4B-00C04F79EFBC}") = "03.ProblemThree", "03.ProblemThree\03.ProblemThree.csproj", "{FA09B30D-D49B-4F4A-8CC2-F660456AE8C0}"
EndProject
Project("{FAE04EC0-301F-11D3-BF4B-00C04F79EFBC}") = "04.ProblemFour", "04.ProblemFour\04.ProblemFour.csproj", "{E22C5B08-AD87-4AE2-B631-39FBE1A60009}"
EndProject
Global
	GlobalSection(SolutionConfigurationPlatforms) = preSolution
		Debug|Any CPU = Debug|Any CPU
		Release|Any CPU = Release|Any CPU
	EndGlobalSection
	GlobalSection(ProjectConfigurationPlatforms) = postSolution
		{AB36456D-481C-4A82-853D-10D393E82421}.Debug|Any CPU.ActiveCfg = Debug|Any CPU
		{AB36456D-481C-4A82-853D-10D393E82421}.Debug|Any CPU.Build.0 = Debug|Any CPU
		{AB36456D-481C-4A82-853D-10D393E82421}.Release|Any CPU.ActiveCfg = Release|Any CPU
		{AB36456D-481C-4A82-853D-10D393E82421}.Release|Any CPU.Build.0 = Release|Any CPU
		{A9AF9856-5B6D-42C0-86C1-CEB3197F01D2}.Debug|Any CPU.ActiveCfg = Debug|Any CPU
		{A9AF9856-5B6D-42C0-86C1-CEB3197F01D2}.Debug|Any CPU.Build.0 = Debug|Any CPU
		{A9AF9856-5B6D-42C0-86C1-CEB3197F01D2}.Release|Any CPU.ActiveCfg = Release|Any CPU
		{A9AF9856-5B6D-42C0-86C1-CEB3197F01D2}.Release|Any CPU.Build.0 = Release|Any CPU
		{FA09B30D-D49B-4F4A-8CC2-F660456AE8C0}.Debug|Any CPU.ActiveCfg = Debug|Any CPU
		{FA09B30D-D49B-4F4A-8CC2-F660456AE8C0}.Debug|Any CPU.Build.0 = Debug|Any CPU
		{FA09B30D-D49B-4F4A-8CC2-F660456AE8C0}.Release|Any CPU.ActiveCfg = Release|Any CPU
		{FA09B30D-D49B-4F4A-8CC2-F660456AE8C0}.Release|Any CPU.Build.0 = Release|Any CPU
		{E22C5B08-AD87-4AE2-B631-39FBE1A60009}.Debug|Any CPU.ActiveCfg = Debug|Any CPU
		{E22C5B08-AD87-4AE2-B631-39FBE1A60009}.Debug|Any CPU.Build.0 = Debug|Any CPU
		{E22C5B08-AD87-4AE2-B631-39FBE1A60009}.Release|Any CPU.ActiveCfg = Release|Any CPU
		{E22C5B08-AD87-4AE2-B631-39FBE1A60009}.Release|Any CPU.Build.0 = Release|Any CPU
	EndGlobalSection
	GlobalSection(SolutionProperties) = preSolution
		HideSolutionNode = FALSE
	EndGlobalSection
	GlobalSection(ExtensibilityGlobals) = postSolution
		SolutionGuid = {91709908-78A2-4E70-BABA-061FE8A57EE4}
	EndGlobalSection
EndGlobal
